
Microsoft Visual Studio Solution File, Format Version 12.00
# Visual Studio Version 17
VisualStudioVersion = 17.11.35222.181
MinimumVisualStudioVersion = 10.0.40219.1
Project("{FAE04EC0-301F-11D3-BF4B-00C04F79EFBC}") = "Final3", "Final3\Final3.csproj", "{BDE0C25A-79DE-4103-8ECC-47AAAF941A52}"
EndProject
Global
	GlobalSection(SolutionConfigurationPlatforms) = preSolution
		Debug|Any CPU = Debug|Any CPU
		Release|Any CPU = Release|Any CPU
	EndGlobalSection
	GlobalSection(ProjectConfigurationPlatforms) = postSolution
		{BDE0C25A-79DE-4103-8ECC-47AAAF941A52}.Debug|Any CPU.ActiveCfg = Debug|Any CPU
		{BDE0C25A-79DE-4103-8ECC-47AAAF941A52}.Debug|Any CPU.Build.0 = Debug|Any CPU
		{BDE0C25A-79DE-4103-8ECC-47AAAF941A52}.Release|Any CPU.ActiveCfg = Release|Any CPU
		{BDE0C25A-79DE-4103-8ECC-47AAAF941A52}.Release|Any CPU.Build.0 = Release|Any CPU
	EndGlobalSection
	GlobalSection(SolutionProperties) = preSolution
		HideSolutionNode = FALSE
	EndGlobalSection
	GlobalSection(ExtensibilityGlobals) = postSolution
		SolutionGuid = {0DC50E84-D765-4511-BDCE-47C0A60DEE75}
	EndGlobalSection
EndGlobal
